
Microsoft Visual Studio Solution File, Format Version 12.00
# Visual Studio 2015
Project("{FAE04EC0-301F-11D3-BF4B-00C04F79EFBC}") = "MoocHero - TPS.Plugins", "MoocHero - TPS.Plugins.csproj", "{32C9B848-0853-14F7-1962-D959E8F7AAB3}"
EndProject
Project("{FAE04EC0-301F-11D3-BF4B-00C04F79EFBC}") = "MoocHero - TPS", "MoocHero - TPS.csproj", "{7D1C93EC-D9F8-44C4-282F-CA8239483C9F}"
EndProject
Global
	GlobalSection(SolutionConfigurationPlatforms) = preSolution
		Debug|Any CPU = Debug|Any CPU
		Release|Any CPU = Release|Any CPU
	EndGlobalSection
	GlobalSection(ProjectConfigurationPlatforms) = postSolution
		{32C9B848-0853-14F7-1962-D959E8F7AAB3}.Debug|Any CPU.ActiveCfg = Debug|Any CPU
		{32C9B848-0853-14F7-1962-D959E8F7AAB3}.Debug|Any CPU.Build.0 = Debug|Any CPU
		{32C9B848-0853-14F7-1962-D959E8F7AAB3}.Release|Any CPU.ActiveCfg = Release|Any CPU
		{32C9B848-0853-14F7-1962-D959E8F7AAB3}.Release|Any CPU.Build.0 = Release|Any CPU
		{7D1C93EC-D9F8-44C4-282F-CA8239483C9F}.Debug|Any CPU.ActiveCfg = Debug|Any CPU
		{7D1C93EC-D9F8-44C4-282F-CA8239483C9F}.Debug|Any CPU.Build.0 = Debug|Any CPU
		{7D1C93EC-D9F8-44C4-282F-CA8239483C9F}.Release|Any CPU.ActiveCfg = Release|Any CPU
		{7D1C93EC-D9F8-44C4-282F-CA8239483C9F}.Release|Any CPU.Build.0 = Release|Any CPU
	EndGlobalSection
	GlobalSection(SolutionProperties) = preSolution
		HideSolutionNode = FALSE
	EndGlobalSection
EndGlobal
